GIT
  remote: https://github.com/toregeschliman/puma.git
  revision: f9feadf99c4b565a343f14e3594bf8db88dfa6d2
  branch: mold-worker-dogfood-final
  specs:
    puma (6.6.0)
      nio4r (~> 2.0)

GEM
  remote: https://rubygems.org/
  specs:
    action_text-trix (2.1.16)
      railties
    actioncable (8.1.1)
      actionpack (= 8.1.1)
      activesupport (= 8.1.1)
      nio4r (~> 2.0)
      websocket-driver (>= 0.6.1)
      zeitwerk (~> 2.6)
    actionmailbox (8.1.1)
      actionpack (= 8.1.1)
      activejob (= 8.1.1)
      activerecord (= 8.1.1)
      activestorage (= 8.1.1)
      activesupport (= 8.1.1)
      mail (>= 2.8.0)
    actionmailer (8.1.1)
      actionpack (= 8.1.1)
      actionview (= 8.1.1)
      activejob (= 8.1.1)
      activesupport (= 8.1.1)
      mail (>= 2.8.0)
      rails-dom-testing (~> 2.2)
    actionpack (8.1.1)
      actionview (= 8.1.1)
      activesupport (= 8.1.1)
      nokogiri (>= 1.8.5)
      rack (>= 2.2.4)
      rack-session (>= 1.0.1)
      rack-test (>= 0.6.3)
      rails-dom-testing (~> 2.2)
      rails-html-sanitizer (~> 1.6)
      useragent (~> 0.16)
    actiontext (8.1.1)
      action_text-trix (~> 2.1.15)
      actionpack (= 8.1.1)
      activerecord (= 8.1.1)
      activestorage (= 8.1.1)
      activesupport (= 8.1.1)
      globalid (>= 0.6.0)
      nokogiri (>= 1.8.5)
    actionview (8.1.1)
      activesupport (= 8.1.1)
      builder (~> 3.1)
      erubi (~> 1.11)
      rails-dom-testing (~> 2.2)
      rails-html-sanitizer (~> 1.6)
    activejob (8.1.1)
      activesupport (= 8.1.1)
      globalid (>= 0.3.6)
    activemodel (8.1.1)
      activesupport (= 8.1.1)
    activerecord (8.1.1)
      activemodel (= 8.1.1)
      activesupport (= 8.1.1)
      timeout (>= 0.4.0)
    activestorage (8.1.1)
      actionpack (= 8.1.1)
      activejob (= 8.1.1)
      activerecord (= 8.1.1)
      activesupport (= 8.1.1)
      marcel (~> 1.0)
    activesupport (8.1.1)
      base64
      bigdecimal
      concurrent-ruby (~> 1.0, >= 1.3.1)
      connection_pool (>= 2.2.5)
      drb
      i18n (>= 1.6, < 2)
      json
      logger (>= 1.4.2)
      minitest (>= 5.1)
      securerandom (>= 0.3)
      tzinfo (~> 2.0, >= 2.0.5)
      uri (>= 0.13.1)
    addressable (2.8.7)
      public_suffix (>= 2.0.2, < 7.0)
    base64 (0.3.0)
    bcrypt_pbkdf (1.1.1)
    bech32 (1.5.0)
      thor (>= 1.1.0)
    bigdecimal (3.3.1)
    bindex (0.8.1)
    bootsnap (1.19.0)
      msgpack (~> 1.2)
    builder (3.3.0)
    capybara (3.40.0)
      addressable
      matrix
      mini_mime (>= 0.1.3)
      nokogiri (~> 1.11)
      rack (>= 1.6.0)
      rack-test (>= 0.6.3)
      regexp_parser (>= 1.5, < 3.0)
      xpath (~> 3.2)
    clockwork (3.0.2)
      activesupport
      tzinfo
    concurrent-ruby (1.3.6)
    connection_pool (3.0.2)
    contracted_value (0.1.3)
      contracts (~> 0.17)
      ice_nine
    contracts (0.17.2)
    crass (1.0.6)
    date (3.5.1)
    debug (1.11.0)
      irb (~> 1.10)
      reline (>= 0.3.8)
    dotenv (3.1.8)
    dotenv-rails (3.1.8)
      dotenv (= 3.1.8)
      railties (>= 6.1)
    drb (2.2.3)
    dry-configurable (1.3.0)
      dry-core (~> 1.1)
      zeitwerk (~> 2.6)
    dry-core (1.1.0)
      concurrent-ruby (~> 1.0)
      logger
      zeitwerk (~> 2.6)
    dry-inflector (1.2.0)
    dry-initializer (3.2.0)
    dry-logic (1.6.0)
      bigdecimal
      concurrent-ruby (~> 1.0)
      dry-core (~> 1.1)
      zeitwerk (~> 2.6)
    dry-schema (1.14.1)
      concurrent-ruby (~> 1.0)
      dry-configurable (~> 1.0, >= 1.0.1)
      dry-core (~> 1.1)
      dry-initializer (~> 3.2)
      dry-logic (~> 1.5)
      dry-types (~> 1.8)
      zeitwerk (~> 2.6)
    dry-struct (1.8.0)
      dry-core (~> 1.1)
      dry-types (~> 1.8, >= 1.8.2)
      ice_nine (~> 0.11)
      zeitwerk (~> 2.6)
    dry-types (1.8.3)
      bigdecimal (~> 3.0)
      concurrent-ruby (~> 1.0)
      dry-core (~> 1.0)
      dry-inflector (~> 1.0)
      dry-logic (~> 1.4)
      zeitwerk (~> 2.6)
    dry-validation (1.11.1)
      concurrent-ruby (~> 1.0)
      dry-core (~> 1.1)
      dry-initializer (~> 3.2)
      dry-schema (~> 1.14)
      zeitwerk (~> 2.6)
    ed25519 (1.4.0)
    env_bang (1.0.0)
    env_bang-rails (1.0.0)
      env_bang (= 1.0.0)
    erb (6.0.1)
    erubi (1.13.1)
    et-orbi (1.4.0)
      tzinfo
    faraday (2.14.0)
      faraday-net_http (>= 2.0, < 3.5)
      json
      logger
    faraday-net_http (3.4.1)
      net-http (>= 0.5.0)
    fugit (1.12.0)
      et-orbi (~> 1.4)
      raabro (~> 1.4)
    globalid (1.3.0)
      activesupport (>= 6.1)
    good_job (3.99.1)
      activejob (>= 6.0.0)
      activerecord (>= 6.0.0)
      concurrent-ruby (>= 1.0.2)
      fugit (>= 1.1)
      railties (>= 6.0.0)
      thor (>= 0.14.1)
    google-protobuf (4.32.1-aarch64-linux-gnu)
      bigdecimal
      rake (>= 13)
    google-protobuf (4.32.1-arm64-darwin)
      bigdecimal
      rake (>= 13)
    google-protobuf (4.32.1-x86_64-linux-gnu)
      bigdecimal
      rake (>= 13)
    http-2 (1.1.1)
    httpx (1.6.3)
      http-2 (>= 1.0.0)
    i18n (1.14.8)
      concurrent-ruby (~> 1.0)
    ice_nine (0.11.2)
    io-console (0.8.2)
    irb (1.16.0)
      pp (>= 0.6.0)
      rdoc (>= 4.0.0)
      reline (>= 0.4.2)
    json (2.18.0)
    kamal (2.9.0)
      activesupport (>= 7.0)
      base64 (~> 0.2)
      bcrypt_pbkdf (~> 1.0)
      concurrent-ruby (~> 1.2)
      dotenv (~> 3.1)
      ed25519 (~> 1.4)
      net-ssh (~> 7.3)
      sshkit (>= 1.23.0, < 2.0)
      thor (~> 1.3)
      zeitwerk (>= 2.6.18, < 3.0)
    logger (1.7.0)
    loofah (2.25.0)
      crass (~> 1.0.2)
      nokogiri (>= 1.12.0)
    mail (2.9.0)
      logger
      mini_mime (>= 0.1.1)
      net-imap
      net-pop
      net-smtp
    marcel (1.1.0)
    marginalia (1.11.1)
      actionpack (>= 5.2)
      activerecord (>= 5.2)
    matrix (0.4.3)
    memo_wise (1.13.0)
    mini_mime (1.1.5)
    minitest (6.0.1)
      prism (~> 1.5)
    msgpack (1.8.0)
    net-http (0.6.0)
      uri
    net-imap (0.5.12)
      date
      net-protocol
    net-pop (0.1.2)
      net-protocol
    net-protocol (0.2.2)
      timeout
    net-scp (4.1.0)
      net-ssh (>= 2.6.5, < 8.0.0)
    net-sftp (4.0.0)
      net-ssh (>= 5.0.0, < 8.0.0)
    net-smtp (0.5.1)
      net-protocol
    net-ssh (7.3.0)
    nio4r (2.7.5)
    nokogiri (1.19.0-aarch64-linux-gnu)
      racc (~> 1.4)
    nokogiri (1.19.0-arm64-darwin)
      racc (~> 1.4)
    nokogiri (1.19.0-x86_64-linux-gnu)
      racc (~> 1.4)
    oj (3.16.13)
      bigdecimal (>= 3.0)
      ostruct (>= 0.2)
    ostruct (0.6.3)
    parallel (1.27.0)
    pg (1.6.2-aarch64-linux)
    pg (1.6.2-arm64-darwin)
    pg (1.6.2-x86_64-linux)
    pg_query (6.1.0)
      google-protobuf (>= 3.25.3)
    pghero (3.7.0)
      activerecord (>= 7.1)
    pp (0.6.3)
      prettyprint
    prettyprint (0.2.0)
    prism (1.7.0)
    psych (5.3.1)
      date
      stringio
    public_suffix (6.0.2)
    raabro (1.4.0)
    racc (1.8.1)
    rack (3.2.4)
    rack-cors (3.0.0)
      logger
      rack (>= 3.0.14)
    rack-session (2.1.1)
      base64 (>= 0.1.0)
      rack (>= 3.0.0)
    rack-test (2.2.0)
      rack (>= 1.3)
    rack-timeout (0.7.0)
    rackup (2.3.1)
      rack (>= 3)
    rails (8.1.1)
      actioncable (= 8.1.1)
      actionmailbox (= 8.1.1)
      actionmailer (= 8.1.1)
      actionpack (= 8.1.1)
      actiontext (= 8.1.1)
      actionview (= 8.1.1)
      activejob (= 8.1.1)
      activemodel (= 8.1.1)
      activerecord (= 8.1.1)
      activestorage (= 8.1.1)
      activesupport (= 8.1.1)
      bundler (>= 1.15.0)
      railties (= 8.1.1)
    rails-dom-testing (2.3.0)
      activesupport (>= 5.0.0)
      minitest
      nokogiri (>= 1.6)
    rails-html-sanitizer (1.6.2)
      loofah (~> 2.21)
      nokogiri (>= 1.15.7, != 1.16.7, != 1.16.6, != 1.16.5, != 1.16.4, != 1.16.3, != 1.16.2, != 1.16.1, != 1.16.0.rc1, != 1.16.0)
    railties (8.1.1)
      actionpack (= 8.1.1)
      activesupport (= 8.1.1)
      irb (~> 1.13)
      rackup (>= 1.0.0)
      rake (>= 12.2)
      thor (~> 1.0, >= 1.2.2)
      tsort (>= 0.2)
      zeitwerk (~> 2.6)
    rake (13.3.1)
    rdoc (7.0.3)
      erb
      psych (>= 4.0.0)
      tsort
    regexp_parser (2.11.3)
    reline (0.6.3)
      io-console (~> 0.5)
    rexml (3.4.4)
    rubyzip (3.2.1)
    securerandom (0.4.1)
    selenium-webdriver (4.38.0)
      base64 (~> 0.2)
      logger (~> 1.4)
      rexml (~> 3.2, >= 3.2.5)
      rubyzip (>= 1.2.2, < 4.0)
      websocket (~> 1.0)
    sequel (5.98.0)
      bigdecimal
    sequel-annotate (1.7.0)
      sequel (>= 4)
    sequel-batches (2.0.3)
      sequel
    sequel-rails (1.2.4)
      actionpack (>= 4.0.0)
      activemodel (>= 4.0.0)
      railties (>= 4.0.0)
      sequel (>= 3.28, < 6.0)
    slowpoke (0.7.0)
      actionpack (>= 7.1)
      rack-timeout (>= 0.6)
      railties (>= 7.1)
    sprockets (4.2.2)
      concurrent-ruby (~> 1.0)
      logger
      rack (>= 2.2.4, < 4)
    sprockets-rails (3.5.2)
      actionpack (>= 6.1)
      activesupport (>= 6.1)
      sprockets (>= 3.0.0)
    sshkit (1.24.0)
      base64
      logger
      net-scp (>= 1.1.2)
      net-sftp (>= 2.1.2)
      net-ssh (>= 2.8.0)
      ostruct
    stringio (3.2.0)
    thor (1.4.0)
    timeout (0.4.4)
    tsort (0.2.0)
    turbostreamer (1.11.0)
      activesupport (>= 5.0.0)
    tzinfo (2.0.6)
      concurrent-ruby (~> 1.0)
    uri (1.1.1)
    useragent (0.16.11)
    web-console (4.2.1)
      actionview (>= 6.0.0)
      activemodel (>= 6.0.0)
      bindex (>= 0.4.0)
      railties (>= 6.0.0)
    websocket (1.2.11)
    websocket-driver (0.8.0)
      base64
      websocket-extensions (>= 0.1.0)
    websocket-extensions (0.1.5)
    xpath (3.2.0)
      nokogiri (~> 1.8)
    zeitwerk (2.7.4)

PLATFORMS
  aarch64-linux
  arm64-darwin-21
  arm64-darwin-22
  arm64-darwin-24
  x86_64-linux

DEPENDENCIES
  bech32
  bootsnap
  capybara
  clockwork
  contracted_value (>= 0.1.3)
  contracts (>= 0.17.0)
  debug
  dotenv-rails
  dry-schema
  dry-struct
  dry-types
  dry-validation
  env_bang-rails (>= 1.0.0)
  faraday (>= 2.0.1)
  good_job (~> 3.29)
  httpx (>= 1.0.2)
  kamal (~> 2.9)
  marginalia (>= 1.5.0)
  memo_wise (>= 1.7.0)
  oj (>= 3.14.3)
  parallel (>= 1.23.0)
  pg (~> 1.6)
  pg_query (>= 2)
  pghero (>= 3.3.4)
  puma (>= 6.6.0, < 7)!
  rack-cors
  rails (~> 8.1.1)
  selenium-webdriver
  sequel (>= 5.73.0)
  sequel-annotate (>= 1.7.0)
  sequel-batches (>= 2.0.2)
  sequel-rails (>= 1.2.1)
  slowpoke
  sprockets (~> 4.2)
  sprockets-rails (>= 3.4.2)
  turbostreamer (>= 1.3.0)
  tzinfo-data
  web-console

CHECKSUMS
  action_text-trix (2.1.16) sha256=f645a2c21821b8449fd1d6770708f4031c91a2eedf9ef476e9be93c64e703a8a
  actioncable (8.1.1) sha256=7262307e9693f09b299e281590110ce4b6ba7e4e4cee6da4b9d987eaf56f9139
  actionmailbox (8.1.1) sha256=aa99703a9b2fa32c5a4a93bb21fef79e2935d8db4d1fd5ef0772847be5d43205
  actionmailer (8.1.1) sha256=45755d7d4561363490ae82b17a5919bdef4dfe3bb400831819947c3a1d82afdf
  actionpack (8.1.1) sha256=192e27c39a63c7d801ac7b6d50505f265e389516985eed9b2ee364896a6a06d7
  actiontext (8.1.1) sha256=fd8d8da1e6bc0b04ff72fccfd127e78431238a99a82e736c7b52727c576a7640
  actionview (8.1.1) sha256=ca480c8b099dea0862b0934f24182b84c2d29092e7dbf464fb3e6d4eb9b468dc
  activejob (8.1.1) sha256=94f438a9f3b5a6b130fef53d8313f869dbd379309e7d639891bda36b12509383
  activemodel (8.1.1) sha256=8b7e2496b9e333ced06248c16a43217b950192c98e0fe3aa117eee21501c6fbd
  activerecord (8.1.1) sha256=e32c3a03e364fd803498eb4150c21bedc995aa83bc27122a94d480ab1dcb3d17
  activestorage (8.1.1) sha256=bc01d8b4c55e309a0a2e218bfe502c382c9f232e28b1f4b0adc9d8719d2bf28d
  activesupport (8.1.1) sha256=5e92534e8d0c8b8b5e6b16789c69dbea65c1d7b752269f71a39422e9546cea67
  addressable (2.8.7) sha256=462986537cf3735ab5f3c0f557f14155d778f4b43ea4f485a9deb9c8f7c58232
  base64 (0.3.0) sha256=27337aeabad6ffae05c265c450490628ef3ebd4b67be58257393227588f5a97b
  bcrypt_pbkdf (1.1.1) sha256=2f9077dde837d1f0dd2eb0f9e5327c6871c68ebc8eba88870fb6b7956e1e2b13
  bech32 (1.5.0) sha256=04520e3bd899a8d9d27e698eb4fc0e9f9292b42d13628d9a1814b3b8a9a68a8a
  bigdecimal (3.3.1) sha256=eaa01e228be54c4f9f53bf3cc34fe3d5e845c31963e7fcc5bedb05a4e7d52218
  bindex (0.8.1) sha256=7b1ecc9dc539ed8bccfc8cb4d2732046227b09d6f37582ff12e50a5047ceb17e
  bootsnap (1.19.0) sha256=d3e54558c1a9ea10cb095eb1eb8e921ae83fd4d5764b8809f63aec18ce9f60b5
  builder (3.3.0) sha256=497918d2f9dca528fdca4b88d84e4ef4387256d984b8154e9d5d3fe5a9c8835f
  capybara (3.40.0) sha256=42dba720578ea1ca65fd7a41d163dd368502c191804558f6e0f71b391054aeef
  clockwork (3.0.2) sha256=7ee3dcf0d2f4361e1268f5a85c04af8b27fa9e421f9a92e8b149989600861917
  concurrent-ruby (1.3.6) sha256=6b56837e1e7e5292f9864f34b69c5a2cbc75c0cf5338f1ce9903d10fa762d5ab
  connection_pool (3.0.2) sha256=33fff5ba71a12d2aa26cb72b1db8bba2a1a01823559fb01d29eb74c286e62e0a
  contracted_value (0.1.3) sha256=6f0bc43d1894e711d80917b0ac735fd846b17bd19237356603a577d0a17af3d7
  contracts (0.17.2) sha256=3baebb3aea27537388e9f6e13d589414f0d187cda0f5924a90ca756a39dd94e9
  crass (1.0.6) sha256=dc516022a56e7b3b156099abc81b6d2b08ea1ed12676ac7a5657617f012bd45d
  date (3.5.1) sha256=750d06384d7b9c15d562c76291407d89e368dda4d4fff957eb94962d325a0dc0
  debug (1.11.0) sha256=1425db64cfa0130c952684e3dc974985be201dd62899bf4bbe3f8b5d6cf1aef2
  dotenv (3.1.8) sha256=9e1176060ced581f8e6ce4384e91361817763a76e3c625c8bddc18b35bd392c3
  dotenv-rails (3.1.8) sha256=46c9d1226a8b58a83b5f61325aa8cffd25cea1c0fafdfbbbee1e5dfea77980c4
  drb (2.2.3) sha256=0b00d6fdb50995fe4a45dea13663493c841112e4068656854646f418fda13373
  dry-configurable (1.3.0) sha256=882d862858567fc1210d2549d4c090f34370fc1bb7c5c1933de3fe792e18afa8
  dry-core (1.1.0) sha256=0903821a9707649a7da545a2cd88e20f3a663ab1c5288abd7f914fa7751ab195
  dry-inflector (1.2.0) sha256=22f5d0b50fd57074ae57e2ca17e3b300e57564c218269dcf82ff3e42d3f38f2e
  dry-initializer (3.2.0) sha256=37d59798f912dc0a1efe14a4db4a9306989007b302dcd5f25d0a2a20c166c4e3
  dry-logic (1.6.0) sha256=da6fedbc0f90fc41f9b0cc7e6f05f5d529d1efaef6c8dcc8e0733f685745cea2
  dry-schema (1.14.1) sha256=2fcd7539a7099cacae6a22f6a3a2c1846fe5afeb1c841cde432c89c6cb9b9ff1
  dry-struct (1.8.0) sha256=74c38b559924fb6462ac43ec780c4533a082d7b1d238a8d7857b773b3b8e2966
  dry-types (1.8.3) sha256=b5d97a45e0ed273131c0c3d5bc9f5633c2d1242e092ee47401ce7d5eab65c1bc
  dry-validation (1.11.1) sha256=70900bb5a2d911c8aab566d3e360c6bff389b8bf92ea8e04885ce51c41ff8085
  ed25519 (1.4.0) sha256=16e97f5198689a154247169f3453ef4cfd3f7a47481fde0ae33206cdfdcac506
  env_bang (1.0.0) sha256=30998d7ac7c835ed7c4b6c3b6fd536de04923dea5fa2f3a89084fce22c5bd226
  env_bang-rails (1.0.0) sha256=7bfeda18f03e1039d36abc7d5ffb37c641d41f2e183a3f2081bdaeba9496532d
  erb (6.0.1) sha256=28ecdd99c5472aebd5674d6061e3c6b0a45c049578b071e5a52c2a7f13c197e5
  erubi (1.13.1) sha256=a082103b0885dbc5ecf1172fede897f9ebdb745a4b97a5e8dc63953db1ee4ad9
  et-orbi (1.4.0) sha256=6c7e3c90779821f9e3b324c5e96fda9767f72995d6ae435b96678a4f3e2de8bc
  faraday (2.14.0) sha256=8699cfe5d97e55268f2596f9a9d5a43736808a943714e3d9a53e6110593941cd
  faraday-net_http (3.4.1) sha256=095757fae7872b94eac839c08a1a4b8d84fd91d6886cfbe75caa2143de64ab3b
  fugit (1.12.0) sha256=033ddf76b3b0149519be6e53ed83954a4df304b8588bafd48284b2a383ff6503
  globalid (1.3.0) sha256=05c639ad6eb4594522a0b07983022f04aa7254626ab69445a0e493aa3786ff11
  good_job (3.99.1) sha256=7d3869d8a8ee8ef7048fee5d746f41c21987b7822c20038a2f773036bef0830a
  google-protobuf (4.32.1-aarch64-linux-gnu) sha256=b2254c50085b86a0395b2adea11d9742fe703a135b67689991dcc03a1c9bc179
  google-protobuf (4.32.1-arm64-darwin) sha256=ef2b6c138847f03af94eeed58ee8aaf00263dd66490ec659202c06dc3b2f0c29
  google-protobuf (4.32.1-x86_64-linux-gnu) sha256=2d209c1980dbdeb4114c7d839a3305fb78dc90bde42fb9a22974c8a4841e0263
  http-2 (1.1.1) sha256=1141a5a03c2f4e6b8d2fa62394de581e1ff6387711cd7ed577212e9d95562bba
  httpx (1.6.3) sha256=1b4a11b9572b78839f649ad6ebbe09b5f467cc458e0ee408bddc902b273a2e8a
  i18n (1.14.8) sha256=285778639134865c5e0f6269e0b818256017e8cde89993fdfcbfb64d088824a5
  ice_nine (0.11.2) sha256=5d506a7d2723d5592dc121b9928e4931742730131f22a1a37649df1c1e2e63db
  io-console (0.8.2) sha256=d6e3ae7a7cc7574f4b8893b4fca2162e57a825b223a177b7afa236c5ef9814cc
  irb (1.16.0) sha256=2abe56c9ac947cdcb2f150572904ba798c1e93c890c256f8429981a7675b0806
  json (2.18.0) sha256=b10506aee4183f5cf49e0efc48073d7b75843ce3782c68dbeb763351c08fd505
  kamal (2.9.0) sha256=c94057c1834a2e365ccb4f3439da8153d6de9aa0e7a6e11bb4a2e3a557a36f99
  logger (1.7.0) sha256=196edec7cc44b66cfb40f9755ce11b392f21f7967696af15d274dde7edff0203
  loofah (2.25.0) sha256=df5ed7ac3bac6a4ec802df3877ee5cc86d027299f8952e6243b3dac446b060e6
  mail (2.9.0) sha256=6fa6673ecd71c60c2d996260f9ee3dd387d4673b8169b502134659ece6d34941
  marcel (1.1.0) sha256=fdcfcfa33cc52e93c4308d40e4090a5d4ea279e160a7f6af988260fa970e0bee
  marginalia (1.11.1) sha256=cb63212ab63e42746e27595e912cb20408a1a28bcd0edde55d15b7c45fa289cf
  matrix (0.4.3) sha256=a0d5ab7ddcc1973ff690ab361b67f359acbb16958d1dc072b8b956a286564c5b
  memo_wise (1.13.0) sha256=30220c38c4cef410849bc73553c58664dc2c91c6379e4a1df22aea02358b716b
  mini_mime (1.1.5) sha256=8681b7e2e4215f2a159f9400b5816d85e9d8c6c6b491e96a12797e798f8bccef
  minitest (6.0.1) sha256=7854c74f48e2e975969062833adc4013f249a4b212f5e7b9d5c040bf838d54bb
  msgpack (1.8.0) sha256=e64ce0212000d016809f5048b48eb3a65ffb169db22238fb4b72472fecb2d732
  net-http (0.6.0) sha256=9621b20c137898af9d890556848c93603716cab516dc2c89b01a38b894e259fb
  net-imap (0.5.12) sha256=cb8cd05bd353fcc19b6cbc530a9cb06b577a969ea10b7ddb0f37787f74be4444
  net-pop (0.1.2) sha256=848b4e982013c15b2f0382792268763b748cce91c9e91e36b0f27ed26420dff3
  net-protocol (0.2.2) sha256=aa73e0cba6a125369de9837b8d8ef82a61849360eba0521900e2c3713aa162a8
  net-scp (4.1.0) sha256=a99b0b92a1e5d360b0de4ffbf2dc0c91531502d3d4f56c28b0139a7c093d1a5d
  net-sftp (4.0.0) sha256=65bb91c859c2f93b09826757af11b69af931a3a9155050f50d1b06d384526364
  net-smtp (0.5.1) sha256=ed96a0af63c524fceb4b29b0d352195c30d82dd916a42f03c62a3a70e5b70736
  net-ssh (7.3.0) sha256=172076c4b30ce56fb25a03961b0c4da14e1246426401b0f89cba1a3b54bf3ef0
  nio4r (2.7.5) sha256=6c90168e48fb5f8e768419c93abb94ba2b892a1d0602cb06eef16d8b7df1dca1
  nokogiri (1.19.0-aarch64-linux-gnu) sha256=11a97ecc3c0e7e5edcf395720b10860ef493b768f6aa80c539573530bc933767
  nokogiri (1.19.0-arm64-darwin) sha256=0811dfd936d5f6dd3f6d32ef790568bf29b2b7bead9ba68866847b33c9cf5810
  nokogiri (1.19.0-x86_64-linux-gnu) sha256=f482b95c713d60031d48c44ce14562f8d2ce31e3a9e8dd0ccb131e9e5a68b58c
  oj (3.16.13) sha256=b114bcb83ef884f1736b3112108f77cf9ca90aa8111a775318cc5d7a6a1e0303
  ostruct (0.6.3) sha256=95a2ed4a4bd1d190784e666b47b2d3f078e4a9efda2fccf18f84ddc6538ed912
  parallel (1.27.0) sha256=4ac151e1806b755fb4e2dc2332cbf0e54f2e24ba821ff2d3dcf86bf6dc4ae130
  pg (1.6.2-aarch64-linux) sha256=0503c6be5b0ca5ca3aaf91f2ed638f90843313cb81e8e7d7b60ad4bb62c3d131
  pg (1.6.2-arm64-darwin) sha256=4d44500b28d5193b26674583d199a6484f80f1f2ea9cf54f7d7d06a1b7e316b6
  pg (1.6.2-x86_64-linux) sha256=525f438137f2d1411a1ebcc4208ec35cb526b5a3b285a629355c73208506a8ea
  pg_query (6.1.0) sha256=8b005229e209f12c5887c34c60d0eb2a241953b9475b53a9840d24578532481e
  pghero (3.7.0) sha256=a8d8497095dbe168bb03fe50a11309ab068cd1c1ef4c88d9bbeb97be4809f522
  pp (0.6.3) sha256=2951d514450b93ccfeb1df7d021cae0da16e0a7f95ee1e2273719669d0ab9df6
  prettyprint (0.2.0) sha256=2bc9e15581a94742064a3cc8b0fb9d45aae3d03a1baa6ef80922627a0766f193
  prism (1.7.0) sha256=10062f734bf7985c8424c44fac382ac04a58124ea3d220ec3ba9fe4f2da65103
  psych (5.3.1) sha256=eb7a57cef10c9d70173ff74e739d843ac3b2c019a003de48447b2963d81b1974
  public_suffix (6.0.2) sha256=bfa7cd5108066f8c9602e0d6d4114999a5df5839a63149d3e8b0f9c1d3558394
  puma (6.6.0)
  raabro (1.4.0) sha256=d4fa9ff5172391edb92b242eed8be802d1934b1464061ae5e70d80962c5da882
  racc (1.8.1) sha256=4a7f6929691dbec8b5209a0b373bc2614882b55fc5d2e447a21aaa691303d62f
  rack (3.2.4) sha256=5d74b6f75082a643f43c1e76b419c40f0e5527fcfee1e669ac1e6b73c0ccb6f6
  rack-cors (3.0.0) sha256=7b95be61db39606906b61b83bd7203fa802b0ceaaad8fcb2fef39e097bf53f68
  rack-session (2.1.1) sha256=0b6dc07dea7e4b583f58a48e8b806d4c9f1c6c9214ebc202ec94562cbea2e4e9
  rack-test (2.2.0) sha256=005a36692c306ac0b4a9350355ee080fd09ddef1148a5f8b2ac636c720f5c463
  rack-timeout (0.7.0) sha256=757337e9793cca999bb73a61fe2a7d4280aa9eefbaf787ce3b98d860749c87d9
  rackup (2.3.1) sha256=6c79c26753778e90983761d677a48937ee3192b3ffef6bc963c0950f94688868
  rails (8.1.1) sha256=877509b7aef309239978685883097d2c03e21383a50a3f78882cf9b3b5c136f7
  rails-dom-testing (2.3.0) sha256=8acc7953a7b911ca44588bf08737bc16719f431a1cc3091a292bca7317925c1d
  rails-html-sanitizer (1.6.2) sha256=35fce2ca8242da8775c83b6ba9c1bcaad6751d9eb73c1abaa8403475ab89a560
  railties (8.1.1) sha256=fb0c7038b147bea41bf6697fa443ff1c5c47d3bb1eedd9ecf1bceeb90efcb868
  rake (13.3.1) sha256=8c9e89d09f66a26a01264e7e3480ec0607f0c497a861ef16063604b1b08eb19c
  rdoc (7.0.3) sha256=dfe3d0981d19b7bba71d9dbaeb57c9f4e3a7a4103162148a559c4fc687ea81f9
  regexp_parser (2.11.3) sha256=ca13f381a173b7a93450e53459075c9b76a10433caadcb2f1180f2c741fc55a4
  reline (0.6.3) sha256=1198b04973565b36ec0f11542ab3f5cfeeec34823f4e54cebde90968092b1835
  rexml (3.4.4) sha256=19e0a2c3425dfbf2d4fc1189747bdb2f849b6c5e74180401b15734bc97b5d142
  rubyzip (3.2.1) sha256=a8e57709e47a36ba3d71921e9c636c711fff91b16c52adba8c1d6cac94ea512d
  securerandom (0.4.1) sha256=cc5193d414a4341b6e225f0cb4446aceca8e50d5e1888743fac16987638ea0b1
  selenium-webdriver (4.38.0) sha256=0a84e71fef66394ae8d9290d3a5bc24b33de49d45a7aa57fc09f246218bf102f
  sequel (5.98.0) sha256=4fe49107a136311ca447686d941a19057e69121d6a322549e02723a269942b47
  sequel-annotate (1.7.0) sha256=83f610615aab4c3111d6aafaf6b07256431e327848dc62424ade872f0dd42fcd
  sequel-batches (2.0.3) sha256=4ca4bfd585eab01ed45e455f4137166ed82028d3b8ec94ca051aac6e0b501aff
  sequel-rails (1.2.4) sha256=08578aaf6ad2bf2b1a235773a7a1f9957ea8c696f0554ccf996ca82d08d5a243
  slowpoke (0.7.0) sha256=0a1d63dd2c5f1f13898ce4a1e94b36caea82109f02f2c1a13b3777db76cccc25
  sprockets (4.2.2) sha256=761e5a49f1c288704763f73139763564c845a8f856d52fba013458f8af1b59b1
  sprockets-rails (3.5.2) sha256=a9e88e6ce9f8c912d349aa5401509165ec42326baf9e942a85de4b76dbc4119e
  sshkit (1.24.0) sha256=9597c1f984778ae9742f2dc839778d57a6a2efb868107046575c52ac7c628e6c
  stringio (3.2.0) sha256=c37cb2e58b4ffbd33fe5cd948c05934af997b36e0b6ca6fdf43afa234cf222e1
  thor (1.4.0) sha256=8763e822ccb0f1d7bee88cde131b19a65606657b847cc7b7b4b82e772bcd8a3d
  timeout (0.4.4) sha256=f0f6f970104b82427cd990680f539b6bbb8b1e55efa913a55c6492935e4e0edb
  tsort (0.2.0) sha256=9650a793f6859a43b6641671278f79cfead60ac714148aabe4e3f0060480089f
  turbostreamer (1.11.0) sha256=41bd03464424326ccb0c0ae2adb36c4eae7f217552d1360879b1c259cd2a8afb
  tzinfo (2.0.6) sha256=8daf828cc77bcf7d63b0e3bdb6caa47e2272dcfaf4fbfe46f8c3a9df087a829b
  uri (1.1.1) sha256=379fa58d27ffb1387eaada68c749d1426738bd0f654d812fcc07e7568f5c57c6
  useragent (0.16.11) sha256=700e6413ad4bb954bb63547fa098dddf7b0ebe75b40cc6f93b8d54255b173844
  web-console (4.2.1) sha256=e7bcf37a10ea2b4ec4281649d1cee461b32232d0a447e82c786e6841fd22fe20
  websocket (1.2.11) sha256=b7e7a74e2410b5e85c25858b26b3322f29161e300935f70a0e0d3c35e0462737
  websocket-driver (0.8.0) sha256=ed0dba4b943c22f17f9a734817e808bc84cdce6a7e22045f5315aa57676d4962
  websocket-extensions (0.1.5) sha256=1c6ba63092cda343eb53fc657110c71c754c56484aad42578495227d717a8241
  xpath (3.2.0) sha256=6dfda79d91bb3b949b947ecc5919f042ef2f399b904013eb3ef6d20dd3a4082e
  zeitwerk (2.7.4) sha256=2bef90f356bdafe9a6c2bd32bcd804f83a4f9b8bc27f3600fff051eb3edcec8b

RUBY VERSION
   ruby 3.4.2p28

BUNDLED WITH
   2.7.2
